
Microsoft Visual Studio Solution File, Format Version 12.00
# Visual Studio Version 17
VisualStudioVersion = 17.4.33213.308
MinimumVisualStudioVersion = 10.0.40219.1
Project("{9A19103F-16F7-4668-BE54-9A1E7A4F7556}") = "EST-API", "EST-API\EST-API.csproj", "{72952D46-3E92-49B2-8198-5B42572B8BA1}"
EndProject
Project("{2150E333-8FDC-42A3-9474-1A3956D46DE8}") = "backend", "backend", "{4E80D14C-DC1F-4671-926B-EAAAAE49B528}"
EndProject
Project("{2150E333-8FDC-42A3-9474-1A3956D46DE8}") = "DAL", "DAL", "{65676194-0697-4D44-8F10-42A1B793EEA8}"
EndProject
Project("{2150E333-8FDC-42A3-9474-1A3956D46DE8}") = "Service", "Service", "{8241B832-1AA6-4DF7-9982-448079A0B79B}"
EndProject
Project("{2150E333-8FDC-42A3-9474-1A3956D46DE8}") = "Domain", "Domain", "{04C9B64E-D47A-427F-8333-85126BFFD918}"
EndProject
Project("{FAE04EC0-301F-11D3-BF4B-00C04F79EFBC}") = "EST.DAL", "EST.DAL\EST.DAL.csproj", "{1EA6C7CA-1D96-4339-8460-398DCE2ADF27}"
EndProject
Project("{FAE04EC0-301F-11D3-BF4B-00C04F79EFBC}") = "EST.Domain", "EST.Domain\EST.Domain.csproj", "{6FE57EA0-95F5-42FA-91E8-FD9C083B1148}"
EndProject
Project("{FAE04EC0-301F-11D3-BF4B-00C04F79EFBC}") = "EST.Service", "EST.Service\EST.Service.csproj", "{7D43DFE6-EF6B-4848-B87D-8A2D644D031C}"
EndProject
Global
	GlobalSection(SolutionConfigurationPlatforms) = preSolution
		Debug|Any CPU = Debug|Any CPU
		Release|Any CPU = Release|Any CPU
	EndGlobalSection
	GlobalSection(ProjectConfigurationPlatforms) = postSolution
		{72952D46-3E92-49B2-8198-5B42572B8BA1}.Debug|Any CPU.ActiveCfg = Debug|Any CPU
		{72952D46-3E92-49B2-8198-5B42572B8BA1}.Debug|Any CPU.Build.0 = Debug|Any CPU
		{72952D46-3E92-49B2-8198-5B42572B8BA1}.Release|Any CPU.ActiveCfg = Release|Any CPU
		{72952D46-3E92-49B2-8198-5B42572B8BA1}.Release|Any CPU.Build.0 = Release|Any CPU
		{1EA6C7CA-1D96-4339-8460-398DCE2ADF27}.Debug|Any CPU.ActiveCfg = Debug|Any CPU
		{1EA6C7CA-1D96-4339-8460-398DCE2ADF27}.Debug|Any CPU.Build.0 = Debug|Any CPU
		{1EA6C7CA-1D96-4339-8460-398DCE2ADF27}.Release|Any CPU.ActiveCfg = Release|Any CPU
		{1EA6C7CA-1D96-4339-8460-398DCE2ADF27}.Release|Any CPU.Build.0 = Release|Any CPU
		{6FE57EA0-95F5-42FA-91E8-FD9C083B1148}.Debug|Any CPU.ActiveCfg = Debug|Any CPU
		{6FE57EA0-95F5-42FA-91E8-FD9C083B1148}.Debug|Any CPU.Build.0 = Debug|Any CPU
		{6FE57EA0-95F5-42FA-91E8-FD9C083B1148}.Release|Any CPU.ActiveCfg = Release|Any CPU
		{6FE57EA0-95F5-42FA-91E8-FD9C083B1148}.Release|Any CPU.Build.0 = Release|Any CPU
		{7D43DFE6-EF6B-4848-B87D-8A2D644D031C}.Debug|Any CPU.ActiveCfg = Debug|Any CPU
		{7D43DFE6-EF6B-4848-B87D-8A2D644D031C}.Debug|Any CPU.Build.0 = Debug|Any CPU
		{7D43DFE6-EF6B-4848-B87D-8A2D644D031C}.Release|Any CPU.ActiveCfg = Release|Any CPU
		{7D43DFE6-EF6B-4848-B87D-8A2D644D031C}.Release|Any CPU.Build.0 = Release|Any CPU
	EndGlobalSection
	GlobalSection(SolutionProperties) = preSolution
		HideSolutionNode = FALSE
	EndGlobalSection
	GlobalSection(NestedProjects) = preSolution
		{72952D46-3E92-49B2-8198-5B42572B8BA1} = {4E80D14C-DC1F-4671-926B-EAAAAE49B528}
		{65676194-0697-4D44-8F10-42A1B793EEA8} = {4E80D14C-DC1F-4671-926B-EAAAAE49B528}
		{8241B832-1AA6-4DF7-9982-448079A0B79B} = {4E80D14C-DC1F-4671-926B-EAAAAE49B528}
		{04C9B64E-D47A-427F-8333-85126BFFD918} = {4E80D14C-DC1F-4671-926B-EAAAAE49B528}
		{1EA6C7CA-1D96-4339-8460-398DCE2ADF27} = {65676194-0697-4D44-8F10-42A1B793EEA8}
		{6FE57EA0-95F5-42FA-91E8-FD9C083B1148} = {04C9B64E-D47A-427F-8333-85126BFFD918}
		{7D43DFE6-EF6B-4848-B87D-8A2D644D031C} = {8241B832-1AA6-4DF7-9982-448079A0B79B}
	EndGlobalSection
	GlobalSection(ExtensibilityGlobals) = postSolution
		SolutionGuid = {9FA3CBBD-C802-4B6A-9C04-99B9B3E05F33}
	EndGlobalSection
EndGlobal
